# This file was autogenerated by Stack.
# You should not edit this file by hand.
# For more information, please see the documentation at:
#   https://docs.haskellstack.org/en/stable/lock_files

packages:
- completed:
    hackage: download-curl-0.1.4@sha256:d4df109a694aacf11814f7d0ea8df2aa6b187ea894f1e6ae1bddae635f0a4e0c,1695
    pantry-tree:
      size: 293
      sha256: 6d1eb1435acda1cd4b6561064e4043115582422df5c2f93a4f44a940d23a5f90
  original:
    hackage: download-curl-0.1.4@sha256:d4df109a694aacf11814f7d0ea8df2aa6b187ea894f1e6ae1bddae635f0a4e0c,1695
- completed:
    hackage: servant-options-0.1.0.0@sha256:39f50166a68006250e79370372f553ca476f14d06d93fa0c401050253aeba803,914
    pantry-tree:
      size: 293
      sha256: 7812baf1b27c62068ba634207fbd7077b886424d666b36739a78c6d4008a1fd4
  original:
    hackage: servant-options-0.1.0.0@sha256:39f50166a68006250e79370372f553ca476f14d06d93fa0c401050253aeba803,914
snapshots:
- completed:
    size: 567672
    url: https://raw.githubusercontent.com/commercialhaskell/stackage-snapshots/master/lts/17/11.yaml
    sha256: 03181cdbeb671eb605bbcf6f285bea4d094b6ac7433a0e14a9f1dd54ad995938
  original:
    url: https://raw.githubusercontent.com/commercialhaskell/stackage-snapshots/master/lts/17/11.yaml
